<?xml version="1.0" encoding="utf-8"?>
<Project ToolsVersion="4.0" xmlns="http://schemas.microsoft.com/developer/msbuild/2003">
  <ItemGroup>
    <ClCompile Include="getNearFields.cpp">
      <Filter>Source</Filter>
    </ClCompile>
    <ClCompile Include="MatrixToString.cpp">
      <Filter>Source</Filter>
    </ClCompile>
    <ClCompile Include="Minesweeper.cpp">
      <Filter>Source</Filter>
    </ClCompile>
    <ClCompile Include="placeMines.cpp">
      <Filter>Source</Filter>
    </ClCompile>
    <ClCompile Include="generateMap.cpp">
      <Filter>Source</Filter>
    </ClCompile>
  </ItemGroup>
  <ItemGroup>
    <ClInclude Include="placeMines.h">
      <Filter>Header Files</Filter>
    </ClInclude>
    <ClInclude Include="MatrixToString.h">
      <Filter>Header Files</Filter>
    </ClInclude>
    <ClInclude Include="MatrixObject.h">
      <Filter>Header Files</Filter>
    </ClInclude>
    <ClInclude Include="getNearFields.h">
      <Filter>Header Files</Filter>
    </ClInclude>
    <ClInclude Include="generateMap.h">
      <Filter>Header Files</Filter>
    </ClInclude>
  </ItemGroup>
  <ItemGroup>
    <Filter Include="Header Files">
      <UniqueIdentifier>{4e9a042f-d454-4ab8-bf1b-6e9565c1d0fa}</UniqueIdentifier>
    </Filter>
    <Filter Include="Source">
      <UniqueIdentifier>{cddd6f38-2e69-4851-845c-9bdeb38f6d1c}</UniqueIdentifier>
    </Filter>
  </ItemGroup>
</Project>